dependencies:
- name: postgresql-aliyun
  repository: http://127.0.0.1:8879/charts
  version: 0.0.1
- name: redis-aliyun
  repository: http://127.0.0.1:8879/charts
  version: 0.0.1
digest: sha256:9dbefbba50df6f478e92083ccb59f2705b0a8c9857b0f0fbe3e70f384dbbc7b4
generated: 2018-08-23T12:07:30.415948254+08:00
